
Microsoft Visual Studio Solution File, Format Version 12.00
# Visual Studio 15
VisualStudioVersion = 15.0.33026.149
MinimumVisualStudioVersion = 10.0.40219.1
Project("{FAE04EC0-301F-11D3-BF4B-00C04F79EFBC}") = "Hoa-Chat-Thi-Nghiem-ASP-NET-MVC", "Hoa-Chat-Thi-Nghiem-ASP-NET-MVC\Hoa-Chat-Thi-Nghiem-ASP-NET-MVC.csproj", "{AC0A3719-2D38-4AED-A1B2-828C41C38F02}"
EndProject
Project("{FAE04EC0-301F-11D3-BF4B-00C04F79EFBC}") = "Model", "ConnectDB\Model.csproj", "{8B424BCB-C6BA-4874-B088-E834BAB1922D}"
EndProject
Global
	GlobalSection(SolutionConfigurationPlatforms) = preSolution
		Debug|Any CPU = Debug|Any CPU
		Release|Any CPU = Release|Any CPU
	EndGlobalSection
	GlobalSection(ProjectConfigurationPlatforms) = postSolution
		{AC0A3719-2D38-4AED-A1B2-828C41C38F02}.Debug|Any CPU.ActiveCfg = Debug|Any CPU
		{AC0A3719-2D38-4AED-A1B2-828C41C38F02}.Debug|Any CPU.Build.0 = Debug|Any CPU
		{AC0A3719-2D38-4AED-A1B2-828C41C38F02}.Release|Any CPU.ActiveCfg = Release|Any CPU
		{AC0A3719-2D38-4AED-A1B2-828C41C38F02}.Release|Any CPU.Build.0 = Release|Any CPU
		{8B424BCB-C6BA-4874-B088-E834BAB1922D}.Debug|Any CPU.ActiveCfg = Debug|Any CPU
		{8B424BCB-C6BA-4874-B088-E834BAB1922D}.Debug|Any CPU.Build.0 = Debug|Any CPU
		{8B424BCB-C6BA-4874-B088-E834BAB1922D}.Release|Any CPU.ActiveCfg = Release|Any CPU
		{8B424BCB-C6BA-4874-B088-E834BAB1922D}.Release|Any CPU.Build.0 = Release|Any CPU
	EndGlobalSection
	GlobalSection(SolutionProperties) = preSolution
		HideSolutionNode = FALSE
	EndGlobalSection
	GlobalSection(ExtensibilityGlobals) = postSolution
		SolutionGuid = {49A019B1-F720-48FB-AD5A-5F9F21C3662C}
	EndGlobalSection
EndGlobal
